// !$*UTF8*$!
{
	archiveVersion = 1;
	classes = {
	};
	objectVersion = 46;
	objects = {

/* Begin PBXFileReference section */
		80240F64146F1DA200F60FC7 /* OpenSSL */ = {isa = PBXFileReference; lastKnownFileType = folder; name = OpenSSL; path = .; sourceTree = "<group>"; };
		80692B6A146F502C002392C3 /* eng_opencl_aes.cl */ = {isa = PBXFileReference; fileEncoding = 4; lastKnownFileType = sourcecode.opencl; name = eng_opencl_aes.cl; path = crypto/engine/eng_opencl_aes.cl; sourceTree = "<group>"; };
		80BE79E5146FAC6F00BB2629 /* eng_opencl.h */ = {isa = PBXFileReference; fileEncoding = 4; lastKnownFileType = sourcecode.c.h; name = eng_opencl.h; path = crypto/engine/eng_opencl.h; sourceTree = "<group>"; };
/* End PBXFileReference section */

/* Begin PBXGroup section */
		80240F56146F1BB900F60FC7 = {
			isa = PBXGroup;
			children = (
				80BE79E5146FAC6F00BB2629 /* eng_opencl.h */,
				80692B6A146F502C002392C3 /* eng_opencl_aes.cl */,
				80240F64146F1DA200F60FC7 /* OpenSSL */,
			);
			sourceTree = "<group>";
		};
/* End PBXGroup section */

/* Begin PBXLegacyTarget section */
		80240F5D146F1BBC00F60FC7 /* OpenSSL */ = {
			isa = PBXLegacyTarget;
			buildArgumentsString = "$(ACTION)";
			buildConfigurationList = 80240F60146F1BBC00F60FC7 /* Build configuration list for PBXLegacyTarget "OpenSSL" */;
			buildPhases = (
			);
			buildToolPath = /usr/bin/make;
			buildWorkingDirectory = .;
			dependencies = (
			);
			name = OpenSSL;
			passBuildSettingsInEnvironment = 1;
			productName = OpenSSL;
		};
/* End PBXLegacyTarget section */

/* Begin PBXProject section */
		80240F58146F1BB900F60FC7 /* Project object */ = {
			isa = PBXProject;
			attributes = {
				LastUpgradeCheck = 0420;
			};
			buildConfigurationList = 80240F5B146F1BB900F60FC7 /* Build configuration list for PBXProject "OpenSSL" */;
			compatibilityVersion = "Xcode 3.2";
			developmentRegion = English;
			hasScannedForEncodings = 0;
			knownRegions = (
				en,
			);
			mainGroup = 80240F56146F1BB900F60FC7;
			projectDirPath = "";
			projectRoot = "";
			targets = (
				80240F5D146F1BBC00F60FC7 /* OpenSSL */,
			);
		};
/* End PBXProject section */

/* Begin XCBuildConfiguration section */
		80240F5E146F1BBC00F60FC7 /* Debug */ = {
			isa = XCBuildConfiguration;
			buildSettings = {
				ALWAYS_SEARCH_USER_PATHS = NO;
				ARCHS = "$(ARCHS_STANDARD_64_BIT)";
				COPY_PHASE_STRIP = NO;
				GCC_C_LANGUAGE_STANDARD = gnu99;
				GCC_DYNAMIC_NO_PIC = NO;
				GCC_ENABLE_OBJC_EXCEPTIONS = YES;
				GCC_OPTIMIZATION_LEVEL = 0;
				GCC_PREPROCESSOR_DEFINITIONS = (
					"DEBUG=1",
					"$(inherited)",
				);
				GCC_SYMBOLS_PRIVATE_EXTERN = NO;
				GCC_VERSION = com.apple.compilers.llvm.clang.1_0;
				GCC_WARN_64_TO_32_BIT_CONVERSION = YES;
				GCC_WARN_ABOUT_MISSING_PROTOTYPES = YES;
				GCC_WARN_ABOUT_RETURN_TYPE = YES;
				GCC_WARN_UNUSED_VARIABLE = YES;
				MACOSX_DEPLOYMENT_TARGET = 10.7;
				ONLY_ACTIVE_ARCH = YES;
				SDKROOT = macosx;
			};
			name = Debug;
		};
		80240F5F146F1BBC00F60FC7 /* Release */ = {
			isa = XCBuildConfiguration;
			buildSettings = {
				ALWAYS_SEARCH_USER_PATHS = NO;
				ARCHS = "$(ARCHS_STANDARD_64_BIT)";
				COPY_PHASE_STRIP = YES;
				DEBUG_INFORMATION_FORMAT = "dwarf-with-dsym";
				GCC_C_LANGUAGE_STANDARD = gnu99;
				GCC_ENABLE_OBJC_EXCEPTIONS = YES;
				GCC_VERSION = com.apple.compilers.llvm.clang.1_0;
				GCC_WARN_64_TO_32_BIT_CONVERSION = YES;
				GCC_WARN_ABOUT_MISSING_PROTOTYPES = YES;
				GCC_WARN_ABOUT_RETURN_TYPE = YES;
				GCC_WARN_UNUSED_VARIABLE = YES;
				MACOSX_DEPLOYMENT_TARGET = 10.7;
				SDKROOT = macosx;
			};
			name = Release;
		};
		80240F61146F1BBC00F60FC7 /* Debug */ = {
			isa = XCBuildConfiguration;
			buildSettings = {
				DEBUGGING_SYMBOLS = YES;
				GCC_GENERATE_DEBUGGING_SYMBOLS = YES;
				GCC_OPTIMIZATION_LEVEL = 0;
				OTHER_CFLAGS = "";
				OTHER_LDFLAGS = "";
				PRODUCT_NAME = "$(TARGET_NAME)";
			};
			name = Debug;
		};
		80240F62146F1BBC00F60FC7 /* Release */ = {
			isa = XCBuildConfiguration;
			buildSettings = {
				OTHER_CFLAGS = "";
				OTHER_LDFLAGS = "";
				PRODUCT_NAME = "$(TARGET_NAME)";
			};
			name = Release;
		};
/* End XCBuildConfiguration section */

/* Begin XCConfigurationList section */
		80240F5B146F1BB900F60FC7 /* Build configuration list for PBXProject "OpenSSL" */ = {
			isa = XCConfigurationList;
			buildConfigurations = (
				80240F5E146F1BBC00F60FC7 /* Debug */,
				80240F5F146F1BBC00F60FC7 /* Release */,
			);
			defaultConfigurationIsVisible = 0;
			defaultConfigurationName = Release;
		};
		80240F60146F1BBC00F60FC7 /* Build configuration list for PBXLegacyTarget "OpenSSL" */ = {
			isa = XCConfigurationList;
			buildConfigurations = (
				80240F61146F1BBC00F60FC7 /* Debug */,
				80240F62146F1BBC00F60FC7 /* Release */,
			);
			defaultConfigurationIsVisible = 0;
			defaultConfigurationName = Release;
		};
/* End XCConfigurationList section */
	};
	rootObject = 80240F58146F1BB900F60FC7 /* Project object */;
}
